
Microsoft Visual Studio Solution File, Format Version 12.00
# Visual Studio Version 16
VisualStudioVersion = 16.0.31702.278
MinimumVisualStudioVersion = 10.0.40219.1
Project("{FAE04EC0-301F-11D3-BF4B-00C04F79EFBC}") = "Aula192_ExFixacao", "Aula192_ExFixacao\Aula192_ExFixacao.csproj", "{801766E3-79E6-4E53-8F51-7C1C086FE4A4}"
EndProject
Global
	GlobalSection(SolutionConfigurationPlatforms) = preSolution
		Debug|Any CPU = Debug|Any CPU
		Release|Any CPU = Release|Any CPU
	EndGlobalSection
	GlobalSection(ProjectConfigurationPlatforms) = postSolution
		{801766E3-79E6-4E53-8F51-7C1C086FE4A4}.Debug|Any CPU.ActiveCfg = Debug|Any CPU
		{801766E3-79E6-4E53-8F51-7C1C086FE4A4}.Debug|Any CPU.Build.0 = Debug|Any CPU
		{801766E3-79E6-4E53-8F51-7C1C086FE4A4}.Release|Any CPU.ActiveCfg = Release|Any CPU
		{801766E3-79E6-4E53-8F51-7C1C086FE4A4}.Release|Any CPU.Build.0 = Release|Any CPU
	EndGlobalSection
	GlobalSection(SolutionProperties) = preSolution
		HideSolutionNode = FALSE
	EndGlobalSection
	GlobalSection(ExtensibilityGlobals) = postSolution
		SolutionGuid = {578C5FD3-9C9C-4404-A950-A6EE3958C50D}
	EndGlobalSection
EndGlobal
